
Microsoft Visual Studio Solution File, Format Version 12.00
# Visual Studio 2015
Project("{FAE04EC0-301F-11D3-BF4B-00C04F79EFBC}") = "Mathematica.CSharp", "Mathematica.CSharp.csproj", "{1F3616FE-4098-3D91-C799-FE03605F0427}"
EndProject
Global
	GlobalSection(SolutionConfigurationPlatforms) = preSolution
		Debug|Any CPU = Debug|Any CPU
		Release|Any CPU = Release|Any CPU
	EndGlobalSection
	GlobalSection(ProjectConfigurationPlatforms) = postSolution
		{1F3616FE-4098-3D91-C799-FE03605F0427}.Debug|Any CPU.ActiveCfg = Debug|Any CPU
		{1F3616FE-4098-3D91-C799-FE03605F0427}.Debug|Any CPU.Build.0 = Debug|Any CPU
		{1F3616FE-4098-3D91-C799-FE03605F0427}.Release|Any CPU.ActiveCfg = Release|Any CPU
		{1F3616FE-4098-3D91-C799-FE03605F0427}.Release|Any CPU.Build.0 = Release|Any CPU
	EndGlobalSection
	GlobalSection(SolutionProperties) = preSolution
		HideSolutionNode = FALSE
	EndGlobalSection
EndGlobal
